// !$*UTF8*$!
{
	archiveVersion = 1;
	classes = {
	};
	objectVersion = 55;
	objects = {

/* Begin PBXBuildFile section */
		A499BBA9277A79A200A66B8C /* PokemonApp.swift in Sources */ = {isa = PBXBuildFile; fileRef = A499BBA8277A79A200A66B8C /* PokemonApp.swift */; };
		A499BBAB277A79A200A66B8C /* ContentView.swift in Sources */ = {isa = PBXBuildFile; fileRef = A499BBAA277A79A200A66B8C /* ContentView.swift */; };
		A499BBAD277A79A300A66B8C /* Assets.xcassets in Resources */ = {isa = PBXBuildFile; fileRef = A499BBAC277A79A300A66B8C /* Assets.xcassets */; };
		A499BBB0277A79A300A66B8C /* Preview Assets.xcassets in Resources */ = {isa = PBXBuildFile; fileRef = A499BBAF277A79A300A66B8C /* Preview Assets.xcassets */; };
		A499BBB8277A853000A66B8C /* PokemonList.swift in Sources */ = {isa = PBXBuildFile; fileRef = A499BBB7277A853000A66B8C /* PokemonList.swift */; };
		A499BBBA277AAF4A00A66B8C /* PokemonDetail.swift in Sources */ = {isa = PBXBuildFile; fileRef = A499BBB9277AAF4A00A66B8C /* PokemonDetail.swift */; };
		A499BBBD277AB18B00A66B8C /* Pokemon.swift in Sources */ = {isa = PBXBuildFile; fileRef = A499BBBC277AB18B00A66B8C /* Pokemon.swift */; };
		A499BBBF277AB36200A66B8C /* PokemonCell.swift in Sources */ = {isa = PBXBuildFile; fileRef = A499BBBE277AB36200A66B8C /* PokemonCell.swift */; };
		A499BBC1277AB49100A66B8C /* Images.xcassets in Resources */ = {isa = PBXBuildFile; fileRef = A499BBC0277AB49100A66B8C /* Images.xcassets */; };
		A499BBEB277AB85700A66B8C /* Colors.xcassets in Resources */ = {isa = PBXBuildFile; fileRef = A499BBEA277AB85700A66B8C /* Colors.xcassets */; };
		A499BBEE277ABB3800A66B8C /* Color+Extensions.swift in Sources */ = {isa = PBXBuildFile; fileRef = A499BBED277ABB3800A66B8C /* Color+Extensions.swift */; };
		A4D768A7277B4340009F2DAE /* String+Extensions.swift in Sources */ = {isa = PBXBuildFile; fileRef = A4D768A6277B4340009F2DAE /* String+Extensions.swift */; };
		A4D768A9277B5B74009F2DAE /* K.swift in Sources */ = {isa = PBXBuildFile; fileRef = A4D768A8277B5B74009F2DAE /* K.swift */; };
/* End PBXBuildFile section */

/* Begin PBXFileReference section */
		A499BBA5277A79A200A66B8C /* Pokemon.app */ = {isa = PBXFileReference; explicitFileType = wrapper.application; includeInIndex = 0; path = Pokemon.app; sourceTree = BUILT_PRODUCTS_DIR; };
		A499BBA8277A79A200A66B8C /* PokemonApp.swift */ = {isa = PBXFileReference; lastKnownFileType = sourcecode.swift; path = PokemonApp.swift; sourceTree = "<group>"; };
		A499BBAA277A79A200A66B8C /* ContentView.swift */ = {isa = PBXFileReference; lastKnownFileType = sourcecode.swift; path = ContentView.swift; sourceTree = "<group>"; };
		A499BBAC277A79A300A66B8C /* Assets.xcassets */ = {isa = PBXFileReference; lastKnownFileType = folder.assetcatalog; path = Assets.xcassets; sourceTree = "<group>"; };
		A499BBAF277A79A300A66B8C /* Preview Assets.xcassets */ = {isa = PBXFileReference; lastKnownFileType = folder.assetcatalog; path = "Preview Assets.xcassets"; sourceTree = "<group>"; };
		A499BBB7277A853000A66B8C /* PokemonList.swift */ = {isa = PBXFileReference; lastKnownFileType = sourcecode.swift; path = PokemonList.swift; sourceTree = "<group>"; };
		A499BBB9277AAF4A00A66B8C /* PokemonDetail.swift */ = {isa = PBXFileReference; lastKnownFileType = sourcecode.swift; path = PokemonDetail.swift; sourceTree = "<group>"; };
		A499BBBC277AB18B00A66B8C /* Pokemon.swift */ = {isa = PBXFileReference; lastKnownFileType = sourcecode.swift; path = Pokemon.swift; sourceTree = "<group>"; };
		A499BBBE277AB36200A66B8C /* PokemonCell.swift */ = {isa = PBXFileReference; lastKnownFileType = sourcecode.swift; path = PokemonCell.swift; sourceTree = "<group>"; };
		A499BBC0277AB49100A66B8C /* Images.xcassets */ = {isa = PBXFileReference; lastKnownFileType = folder.assetcatalog; path = Images.xcassets; sourceTree = "<group>"; };
		A499BBEA277AB85700A66B8C /* Colors.xcassets */ = {isa = PBXFileReference; lastKnownFileType = folder.assetcatalog; path = Colors.xcassets; sourceTree = "<group>"; };
		A499BBED277ABB3800A66B8C /* Color+Extensions.swift */ = {isa = PBXFileReference; lastKnownFileType = sourcecode.swift; path = "Color+Extensions.swift"; sourceTree = "<group>"; };
		A4D768A6277B4340009F2DAE /* String+Extensions.swift */ = {isa = PBXFileReference; lastKnownFileType = sourcecode.swift; path = "String+Extensions.swift"; sourceTree = "<group>"; };
		A4D768A8277B5B74009F2DAE /* K.swift */ = {isa = PBXFileReference; lastKnownFileType = sourcecode.swift; path = K.swift; sourceTree = "<group>"; };
/* End PBXFileReference section */

/* Begin PBXFrameworksBuildPhase section */
		A499BBA2277A79A200A66B8C /* Frameworks */ = {
			isa = PBXFrameworksBuildPhase;
			buildActionMask = 2147483647;
			files = (
			);
			runOnlyForDeploymentPostprocessing = 0;
		};
/* End PBXFrameworksBuildPhase section */

/* Begin PBXGroup section */
		A499BB9C277A79A200A66B8C = {
			isa = PBXGroup;
			children = (
				A499BBA7277A79A200A66B8C /* Pokemon */,
				A499BBA6277A79A200A66B8C /* Products */,
			);
			sourceTree = "<group>";
		};
		A499BBA6277A79A200A66B8C /* Products */ = {
			isa = PBXGroup;
			children = (
				A499BBA5277A79A200A66B8C /* Pokemon.app */,
			);
			name = Products;
			sourceTree = "<group>";
		};
		A499BBA7277A79A200A66B8C /* Pokemon */ = {
			isa = PBXGroup;
			children = (
				A499BBEC277ABB2900A66B8C /* Extensions */,
				A499BBBB277AB17400A66B8C /* Model */,
				A499BBB6277A7C8E00A66B8C /* Views */,
				A499BBA8277A79A200A66B8C /* PokemonApp.swift */,
				A499BBAA277A79A200A66B8C /* ContentView.swift */,
				A499BBC2277AB4A500A66B8C /* Resources */,
				A499BBAE277A79A300A66B8C /* Preview Content */,
				A4D768A8277B5B74009F2DAE /* K.swift */,
			);
			path = Pokemon;
			sourceTree = "<group>";
		};
		A499BBAE277A79A300A66B8C /* Preview Content */ = {
			isa = PBXGroup;
			children = (
				A499BBAF277A79A300A66B8C /* Preview Assets.xcassets */,
			);
			path = "Preview Content";
			sourceTree = "<group>";
		};
		A499BBB6277A7C8E00A66B8C /* Views */ = {
			isa = PBXGroup;
			children = (
				A499BBB7277A853000A66B8C /* PokemonList.swift */,
				A499BBB9277AAF4A00A66B8C /* PokemonDetail.swift */,
				A499BBBE277AB36200A66B8C /* PokemonCell.swift */,
			);
			path = Views;
			sourceTree = "<group>";
		};
		A499BBBB277AB17400A66B8C /* Model */ = {
			isa = PBXGroup;
			children = (
				A499BBBC277AB18B00A66B8C /* Pokemon.swift */,
			);
			path = Model;
			sourceTree = "<group>";
		};
		A499BBC2277AB4A500A66B8C /* Resources */ = {
			isa = PBXGroup;
			children = (
				A499BBAC277A79A300A66B8C /* Assets.xcassets */,
				A499BBC0277AB49100A66B8C /* Images.xcassets */,
				A499BBEA277AB85700A66B8C /* Colors.xcassets */,
			);
			path = Resources;
			sourceTree = "<group>";
		};
		A499BBEC277ABB2900A66B8C /* Extensions */ = {
			isa = PBXGroup;
			children = (
				A499BBED277ABB3800A66B8C /* Color+Extensions.swift */,
				A4D768A6277B4340009F2DAE /* String+Extensions.swift */,
			);
			path = Extensions;
			sourceTree = "<group>";
		};
/* End PBXGroup section */

/* Begin PBXNativeTarget section */
		A499BBA4277A79A200A66B8C /* Pokemon */ = {
			isa = PBXNativeTarget;
			buildConfigurationList = A499BBB3277A79A300A66B8C /* Build configuration list for PBXNativeTarget "Pokemon" */;
			buildPhases = (
				A4D768AA277B5C1D009F2DAE /* ShellScript */,
				A499BBA1277A79A200A66B8C /* Sources */,
				A499BBA2277A79A200A66B8C /* Frameworks */,
				A499BBA3277A79A200A66B8C /* Resources */,
			);
			buildRules = (
			);
			dependencies = (
			);
			name = Pokemon;
			productName = Pokemon;
			productReference = A499BBA5277A79A200A66B8C /* Pokemon.app */;
			productType = "com.apple.product-type.application";
		};
/* End PBXNativeTarget section */

/* Begin PBXProject section */
		A499BB9D277A79A200A66B8C /* Project object */ = {
			isa = PBXProject;
			attributes = {
				BuildIndependentTargetsInParallel = 1;
				LastSwiftUpdateCheck = 1300;
				LastUpgradeCheck = 1300;
				TargetAttributes = {
					A499BBA4277A79A200A66B8C = {
						CreatedOnToolsVersion = 13.0;
					};
				};
			};
			buildConfigurationList = A499BBA0277A79A200A66B8C /* Build configuration list for PBXProject "Pokemon" */;
			compatibilityVersion = "Xcode 13.0";
			developmentRegion = en;
			hasScannedForEncodings = 0;
			knownRegions = (
				en,
				Base,
			);
			mainGroup = A499BB9C277A79A200A66B8C;
			productRefGroup = A499BBA6277A79A200A66B8C /* Products */;
			projectDirPath = "";
			projectRoot = "";
			targets = (
				A499BBA4277A79A200A66B8C /* Pokemon */,
			);
		};
/* End PBXProject section */

/* Begin PBXResourcesBuildPhase section */
		A499BBA3277A79A200A66B8C /* Resources */ = {
			isa = PBXResourcesBuildPhase;
			buildActionMask = 2147483647;
			files = (
				A499BBEB277AB85700A66B8C /* Colors.xcassets in Resources */,
				A499BBB0277A79A300A66B8C /* Preview Assets.xcassets in Resources */,
				A499BBC1277AB49100A66B8C /* Images.xcassets in Resources */,
				A499BBAD277A79A300A66B8C /* Assets.xcassets in Resources */,
			);
			runOnlyForDeploymentPostprocessing = 0;
		};
/* End PBXResourcesBuildPhase section */

/* Begin PBXShellScriptBuildPhase section */
		A4D768AA277B5C1D009F2DAE /* ShellScript */ = {
			isa = PBXShellScriptBuildPhase;
			buildActionMask = 2147483647;
			files = (
			);
			inputFileListPaths = (
			);
			inputPaths = (
			);
			outputFileListPaths = (
			);
			outputPaths = (
			);
			runOnlyForDeploymentPostprocessing = 0;
			shellPath = /bin/sh;
			shellScript = "# Type a script or drag a script file from your workspace to insert its path.\nPATH=/opt/homebrew/bin:$PATH\nif [ -f ~/com.raywenderlich.swiftlint.yml ]; then\n  if which swiftlint >/dev/null; then\n    swiftlint --no-cache --config ~/com.raywenderlich.swiftlint.yml\n  fi\nfi\n";
		};
/* End PBXShellScriptBuildPhase section */

/* Begin PBXSourcesBuildPhase section */
		A499BBA1277A79A200A66B8C /* Sources */ = {
			isa = PBXSourcesBuildPhase;
			buildActionMask = 2147483647;
			files = (
				A4D768A9277B5B74009F2DAE /* K.swift in Sources */,
				A499BBBD277AB18B00A66B8C /* Pokemon.swift in Sources */,
				A499BBAB277A79A200A66B8C /* ContentView.swift in Sources */,
				A499BBA9277A79A200A66B8C /* PokemonApp.swift in Sources */,
				A499BBBA277AAF4A00A66B8C /* PokemonDetail.swift in Sources */,
				A4D768A7277B4340009F2DAE /* String+Extensions.swift in Sources */,
				A499BBEE277ABB3800A66B8C /* Color+Extensions.swift in Sources */,
				A499BBB8277A853000A66B8C /* PokemonList.swift in Sources */,
				A499BBBF277AB36200A66B8C /* PokemonCell.swift in Sources */,
			);
			runOnlyForDeploymentPostprocessing = 0;
		};
/* End PBXSourcesBuildPhase section */

/* Begin XCBuildConfiguration section */
		A499BBB1277A79A300A66B8C /* Debug */ = {
			isa = XCBuildConfiguration;
			buildSettings = {
				ALWAYS_SEARCH_USER_PATHS = NO;
				CLANG_ANALYZER_NONNULL = YES;
				CLANG_ANALYZER_NUMBER_OBJECT_CONVERSION = YES_AGGRESSIVE;
				CLANG_CXX_LANGUAGE_STANDARD = "gnu++17";
				CLANG_CXX_LIBRARY = "libc++";
				CLANG_ENABLE_MODULES = YES;
				CLANG_ENABLE_OBJC_ARC = YES;
				CLANG_ENABLE_OBJC_WEAK = YES;
				CLANG_WARN_BLOCK_CAPTURE_AUTORELEASING = YES;
				CLANG_WARN_BOOL_CONVERSION = YES;
				CLANG_WARN_COMMA = YES;
				CLANG_WARN_CONSTANT_CONVERSION = YES;
				CLANG_WARN_DEPRECATED_OBJC_IMPLEMENTATIONS = YES;
				CLANG_WARN_DIRECT_OBJC_ISA_USAGE = YES_ERROR;
				CLANG_WARN_DOCUMENTATION_COMMENTS = YES;
				CLANG_WARN_EMPTY_BODY = YES;
				CLANG_WARN_ENUM_CONVERSION = YES;
				CLANG_WARN_INFINITE_RECURSION = YES;
				CLANG_WARN_INT_CONVERSION = YES;
				CLANG_WARN_NON_LITERAL_NULL_CONVERSION = YES;
				CLANG_WARN_OBJC_IMPLICIT_RETAIN_SELF = YES;
				CLANG_WARN_OBJC_LITERAL_CONVERSION = YES;
				CLANG_WARN_OBJC_ROOT_CLASS = YES_ERROR;
				CLANG_WARN_QUOTED_INCLUDE_IN_FRAMEWORK_HEADER = YES;
				CLANG_WARN_RANGE_LOOP_ANALYSIS = YES;
				CLANG_WARN_STRICT_PROTOTYPES = YES;
				CLANG_WARN_SUSPICIOUS_MOVE = YES;
				CLANG_WARN_UNGUARDED_AVAILABILITY = YES_AGGRESSIVE;
				CLANG_WARN_UNREACHABLE_CODE = YES;
				CLANG_WARN__DUPLICATE_METHOD_MATCH = YES;
				COPY_PHASE_STRIP = NO;
				DEBUG_INFORMATION_FORMAT = dwarf;
				ENABLE_STRICT_OBJC_MSGSEND = YES;
				ENABLE_TESTABILITY = YES;
				GCC_C_LANGUAGE_STANDARD = gnu11;
				GCC_DYNAMIC_NO_PIC = NO;
				GCC_NO_COMMON_BLOCKS = YES;
				GCC_OPTIMIZATION_LEVEL = 0;
				GCC_PREPROCESSOR_DEFINITIONS = (
					"DEBUG=1",
					"$(inherited)",
				);
				GCC_WARN_64_TO_32_BIT_CONVERSION = YES;
				GCC_WARN_ABOUT_RETURN_TYPE = YES_ERROR;
				GCC_WARN_UNDECLARED_SELECTOR = YES;
				GCC_WARN_UNINITIALIZED_AUTOS = YES_AGGRESSIVE;
				GCC_WARN_UNUSED_FUNCTION = YES;
				GCC_WARN_UNUSED_VARIABLE = YES;
				IPHONEOS_DEPLOYMENT_TARGET = 15.0;
				MTL_ENABLE_DEBUG_INFO = INCLUDE_SOURCE;
				MTL_FAST_MATH = YES;
				ONLY_ACTIVE_ARCH = YES;
				SDKROOT = iphoneos;
				SWIFT_ACTIVE_COMPILATION_CONDITIONS = DEBUG;
				SWIFT_OPTIMIZATION_LEVEL = "-Onone";
			};
			name = Debug;
		};
		A499BBB2277A79A300A66B8C /* Release */ = {
			isa = XCBuildConfiguration;
			buildSettings = {
				ALWAYS_SEARCH_USER_PATHS = NO;
				CLANG_ANALYZER_NONNULL = YES;
				CLANG_ANALYZER_NUMBER_OBJECT_CONVERSION = YES_AGGRESSIVE;
				CLANG_CXX_LANGUAGE_STANDARD = "gnu++17";
				CLANG_CXX_LIBRARY = "libc++";
				CLANG_ENABLE_MODULES = YES;
				CLANG_ENABLE_OBJC_ARC = YES;
				CLANG_ENABLE_OBJC_WEAK = YES;
				CLANG_WARN_BLOCK_CAPTURE_AUTORELEASING = YES;
				CLANG_WARN_BOOL_CONVERSION = YES;
				CLANG_WARN_COMMA = YES;
				CLANG_WARN_CONSTANT_CONVERSION = YES;
				CLANG_WARN_DEPRECATED_OBJC_IMPLEMENTATIONS = YES;
				CLANG_WARN_DIRECT_OBJC_ISA_USAGE = YES_ERROR;
				CLANG_WARN_DOCUMENTATION_COMMENTS = YES;
				CLANG_WARN_EMPTY_BODY = YES;
				CLANG_WARN_ENUM_CONVERSION = YES;
				CLANG_WARN_INFINITE_RECURSION = YES;
				CLANG_WARN_INT_CONVERSION = YES;
				CLANG_WARN_NON_LITERAL_NULL_CONVERSION = YES;
				CLANG_WARN_OBJC_IMPLICIT_RETAIN_SELF = YES;
				CLANG_WARN_OBJC_LITERAL_CONVERSION = YES;
				CLANG_WARN_OBJC_ROOT_CLASS = YES_ERROR;
				CLANG_WARN_QUOTED_INCLUDE_IN_FRAMEWORK_HEADER = YES;
				CLANG_WARN_RANGE_LOOP_ANALYSIS = YES;
				CLANG_WARN_STRICT_PROTOTYPES = YES;
				CLANG_WARN_SUSPICIOUS_MOVE = YES;
				CLANG_WARN_UNGUARDED_AVAILABILITY = YES_AGGRESSIVE;
				CLANG_WARN_UNREACHABLE_CODE = YES;
				CLANG_WARN__DUPLICATE_METHOD_MATCH = YES;
				COPY_PHASE_STRIP = NO;
				DEBUG_INFORMATION_FORMAT = "dwarf-with-dsym";
				ENABLE_NS_ASSERTIONS = NO;
				ENABLE_STRICT_OBJC_MSGSEND = YES;
				GCC_C_LANGUAGE_STANDARD = gnu11;
				GCC_NO_COMMON_BLOCKS = YES;
				GCC_WARN_64_TO_32_BIT_CONVERSION = YES;
				GCC_WARN_ABOUT_RETURN_TYPE = YES_ERROR;
				GCC_WARN_UNDECLARED_SELECTOR = YES;
				GCC_WARN_UNINITIALIZED_AUTOS = YES_AGGRESSIVE;
				GCC_WARN_UNUSED_FUNCTION = YES;
				GCC_WARN_UNUSED_VARIABLE = YES;
				IPHONEOS_DEPLOYMENT_TARGET = 15.0;
				MTL_ENABLE_DEBUG_INFO = NO;
				MTL_FAST_MATH = YES;
				SDKROOT = iphoneos;
				SWIFT_COMPILATION_MODE = wholemodule;
				SWIFT_OPTIMIZATION_LEVEL = "-O";
				VALIDATE_PRODUCT = YES;
			};
			name = Release;
		};
		A499BBB4277A79A300A66B8C /* Debug */ = {
			isa = XCBuildConfiguration;
			buildSettings = {
				ASSETCATALOG_COMPILER_APPICON_NAME = AppIcon;
				ASSETCATALOG_COMPILER_GLOBAL_ACCENT_COLOR_NAME = AccentColor;
				CODE_SIGN_STYLE = Automatic;
				CURRENT_PROJECT_VERSION = 1;
				DEVELOPMENT_ASSET_PATHS = "\"Pokemon/Preview Content\"";
				DEVELOPMENT_TEAM = NFRX468U5J;
				ENABLE_PREVIEWS = YES;
				GENERATE_INFOPLIST_FILE = YES;
				INFOPLIST_KEY_UIApplicationSceneManifest_Generation = YES;
				INFOPLIST_KEY_UIApplicationSupportsIndirectInputEvents = YES;
				INFOPLIST_KEY_UILaunchScreen_Generation = YES;
				INFOPLIST_KEY_UISupportedInterfaceOrientations_iPad = "UIInterfaceOrientationPortrait UIInterfaceOrientationPortraitUpsideDown UIInterfaceOrientationLandscapeLeft UIInterfaceOrientationLandscapeRight";
				INFOPLIST_KEY_UISupportedInterfaceOrientations_iPhone = "UIInterfaceOrientationPortrait UIInterfaceOrientationLandscapeLeft UIInterfaceOrientationLandscapeRight";
				IPHONEOS_DEPLOYMENT_TARGET = 14.0;
				LD_RUNPATH_SEARCH_PATHS = (
					"$(inherited)",
					"@executable_path/Frameworks",
				);
				MARKETING_VERSION = 1.0;
				PRODUCT_BUNDLE_IDENTIFIER = "adrianagutierrez-ravn.co.Pokemon";
				PRODUCT_NAME = "$(TARGET_NAME)";
				SWIFT_EMIT_LOC_STRINGS = YES;
				SWIFT_VERSION = 5.0;
				TARGETED_DEVICE_FAMILY = "1,2";
			};
			name = Debug;
		};
		A499BBB5277A79A300A66B8C /* Release */ = {
			isa = XCBuildConfiguration;
			buildSettings = {
				ASSETCATALOG_COMPILER_APPICON_NAME = AppIcon;
				ASSETCATALOG_COMPILER_GLOBAL_ACCENT_COLOR_NAME = AccentColor;
				CODE_SIGN_STYLE = Automatic;
				CURRENT_PROJECT_VERSION = 1;
				DEVELOPMENT_ASSET_PATHS = "\"Pokemon/Preview Content\"";
				DEVELOPMENT_TEAM = NFRX468U5J;
				ENABLE_PREVIEWS = YES;
				GENERATE_INFOPLIST_FILE = YES;
				INFOPLIST_KEY_UIApplicationSceneManifest_Generation = YES;
				INFOPLIST_KEY_UIApplicationSupportsIndirectInputEvents = YES;
				INFOPLIST_KEY_UILaunchScreen_Generation = YES;
				INFOPLIST_KEY_UISupportedInterfaceOrientations_iPad = "UIInterfaceOrientationPortrait UIInterfaceOrientationPortraitUpsideDown UIInterfaceOrientationLandscapeLeft UIInterfaceOrientationLandscapeRight";
				INFOPLIST_KEY_UISupportedInterfaceOrientations_iPhone = "UIInterfaceOrientationPortrait UIInterfaceOrientationLandscapeLeft UIInterfaceOrientationLandscapeRight";
				IPHONEOS_DEPLOYMENT_TARGET = 14.0;
				LD_RUNPATH_SEARCH_PATHS = (
					"$(inherited)",
					"@executable_path/Frameworks",
				);
				MARKETING_VERSION = 1.0;
				PRODUCT_BUNDLE_IDENTIFIER = "adrianagutierrez-ravn.co.Pokemon";
				PRODUCT_NAME = "$(TARGET_NAME)";
				SWIFT_EMIT_LOC_STRINGS = YES;
				SWIFT_VERSION = 5.0;
				TARGETED_DEVICE_FAMILY = "1,2";
			};
			name = Release;
		};
/* End XCBuildConfiguration section */

/* Begin XCConfigurationList section */
		A499BBA0277A79A200A66B8C /* Build configuration list for PBXProject "Pokemon" */ = {
			isa = XCConfigurationList;
			buildConfigurations = (
				A499BBB1277A79A300A66B8C /* Debug */,
				A499BBB2277A79A300A66B8C /* Release */,
			);
			defaultConfigurationIsVisible = 0;
			defaultConfigurationName = Release;
		};
		A499BBB3277A79A300A66B8C /* Build configuration list for PBXNativeTarget "Pokemon" */ = {
			isa = XCConfigurationList;
			buildConfigurations = (
				A499BBB4277A79A300A66B8C /* Debug */,
				A499BBB5277A79A300A66B8C /* Release */,
			);
			defaultConfigurationIsVisible = 0;
			defaultConfigurationName = Release;
		};
/* End XCConfigurationList section */
	};
	rootObject = A499BB9D277A79A200A66B8C /* Project object */;
}
